
Microsoft Visual Studio Solution File, Format Version 12.00
# Visual Studio Version 17
VisualStudioVersion = 17.7.33808.371
MinimumVisualStudioVersion = 10.0.40219.1
Project("{8BC9CEB8-8B4A-11D0-8D11-00A0C91BC942}") = "HelloNative", "HelloNative\HelloNative.vcxproj", "{85B22C58-F031-40D8-BB89-0D809FBDF645}"
EndProject
Project("{8BC9CEB8-8B4A-11D0-8D11-00A0C91BC942}") = "HelloNative2", "HelloNative2\HelloNative2.vcxproj", "{966836FF-59F4-46F7-91CE-78164DDD72F2}"
EndProject
Global
	GlobalSection(SolutionConfigurationPlatforms) = preSolution
		Debug|x64 = Debug|x64
		Debug|x86 = Debug|x86
		Release|x64 = Release|x64
		Release|x86 = Release|x86
	EndGlobalSection
	GlobalSection(ProjectConfigurationPlatforms) = postSolution
		{85B22C58-F031-40D8-BB89-0D809FBDF645}.Debug|x64.ActiveCfg = Debug|x64
		{85B22C58-F031-40D8-BB89-0D809FBDF645}.Debug|x64.Build.0 = Debug|x64
		{85B22C58-F031-40D8-BB89-0D809FBDF645}.Debug|x86.ActiveCfg = Debug|Win32
		{85B22C58-F031-40D8-BB89-0D809FBDF645}.Debug|x86.Build.0 = Debug|Win32
		{85B22C58-F031-40D8-BB89-0D809FBDF645}.Release|x64.ActiveCfg = Release|x64
		{85B22C58-F031-40D8-BB89-0D809FBDF645}.Release|x64.Build.0 = Release|x64
		{85B22C58-F031-40D8-BB89-0D809FBDF645}.Release|x86.ActiveCfg = Release|Win32
		{85B22C58-F031-40D8-BB89-0D809FBDF645}.Release|x86.Build.0 = Release|Win32
		{966836FF-59F4-46F7-91CE-78164DDD72F2}.Debug|x64.ActiveCfg = Debug|x64
		{966836FF-59F4-46F7-91CE-78164DDD72F2}.Debug|x64.Build.0 = Debug|x64
		{966836FF-59F4-46F7-91CE-78164DDD72F2}.Debug|x86.ActiveCfg = Debug|Win32
		{966836FF-59F4-46F7-91CE-78164DDD72F2}.Debug|x86.Build.0 = Debug|Win32
		{966836FF-59F4-46F7-91CE-78164DDD72F2}.Release|x64.ActiveCfg = Release|x64
		{966836FF-59F4-46F7-91CE-78164DDD72F2}.Release|x64.Build.0 = Release|x64
		{966836FF-59F4-46F7-91CE-78164DDD72F2}.Release|x86.ActiveCfg = Release|Win32
		{966836FF-59F4-46F7-91CE-78164DDD72F2}.Release|x86.Build.0 = Release|Win32
	EndGlobalSection
	GlobalSection(SolutionProperties) = preSolution
		HideSolutionNode = FALSE
	EndGlobalSection
	GlobalSection(ExtensibilityGlobals) = postSolution
		SolutionGuid = {67CFD7A3-EFA8-49C3-B84E-6E870892706E}
	EndGlobalSection
EndGlobal
